// !$*UTF8*$!
{
	archiveVersion = 1;
	classes = {
	};
	objectVersion = 46;
	objects = {

/* Begin PBXBuildFile section */
		B62F9F691F623BC400E4BF66 /* main.cpp in Sources */ = {isa = PBXBuildFile; fileRef = B62F9F681F623BC400E4BF66 /* main.cpp */; };
		B68D49511F74524100BC6FF6 /* game.cc in Sources */ = {isa = PBXBuildFile; fileRef = B68D494F1F74524000BC6FF6 /* game.cc */; };
		B68D49561F7452A300BC6FF6 /* player.cc in Sources */ = {isa = PBXBuildFile; fileRef = B68D49541F7452A200BC6FF6 /* player.cc */; };
		B68D49571F7452A300BC6FF6 /* strategy.cc in Sources */ = {isa = PBXBuildFile; fileRef = B68D49551F7452A300BC6FF6 /* strategy.cc */; };
		B694F2FD1F8FEB51001B3E66 /* main.cpp in Sources */ = {isa = PBXBuildFile; fileRef = B694F2FC1F8FEB51001B3E66 /* main.cpp */; };
		B694F3041F8FEBB2001B3E66 /* game.cc in Sources */ = {isa = PBXBuildFile; fileRef = B68D494F1F74524000BC6FF6 /* game.cc */; };
		B694F3051F8FEBBC001B3E66 /* player.cc in Sources */ = {isa = PBXBuildFile; fileRef = B68D49541F7452A200BC6FF6 /* player.cc */; };
		B694F3061F8FEBC1001B3E66 /* strategy.cc in Sources */ = {isa = PBXBuildFile; fileRef = B68D49551F7452A300BC6FF6 /* strategy.cc */; };
		B694F3081F8FEC6F001B3E66 /* game_test.cpp in Sources */ = {isa = PBXBuildFile; fileRef = B694F3071F8FEC6F001B3E66 /* game_test.cpp */; };
		B694F30E1F900C2E001B3E66 /* player_test.cpp in Sources */ = {isa = PBXBuildFile; fileRef = B694F30D1F900C2E001B3E66 /* player_test.cpp */; };
/* End PBXBuildFile section */

/* Begin PBXCopyFilesBuildPhase section */
		B62F9F631F623BC400E4BF66 /* CopyFiles */ = {
			isa = PBXCopyFilesBuildPhase;
			buildActionMask = 2147483647;
			dstPath = /usr/share/man/man1/;
			dstSubfolderSpec = 0;
			files = (
			);
			runOnlyForDeploymentPostprocessing = 1;
		};
		B694F2F81F8FEB51001B3E66 /* CopyFiles */ = {
			isa = PBXCopyFilesBuildPhase;
			buildActionMask = 2147483647;
			dstPath = /usr/share/man/man1/;
			dstSubfolderSpec = 0;
			files = (
			);
			runOnlyForDeploymentPostprocessing = 1;
		};
/* End PBXCopyFilesBuildPhase section */

/* Begin PBXFileReference section */
		B62F9F651F623BC400E4BF66 /* prisonersDilemma */ = {isa = PBXFileReference; explicitFileType = "compiled.mach-o.executable"; includeInIndex = 0; path = prisonersDilemma; sourceTree = BUILT_PRODUCTS_DIR; };
		B62F9F681F623BC400E4BF66 /* main.cpp */ = {isa = PBXFileReference; indentWidth = 2; lastKnownFileType = sourcecode.cpp.cpp; path = main.cpp; sourceTree = "<group>"; tabWidth = 2; };
		B68D494F1F74524000BC6FF6 /* game.cc */ = {isa = PBXFileReference; indentWidth = 2; lastKnownFileType = sourcecode.cpp.cpp; path = game.cc; sourceTree = "<group>"; tabWidth = 2; };
		B68D49501F74524000BC6FF6 /* game.h */ = {isa = PBXFileReference; indentWidth = 2; lastKnownFileType = sourcecode.c.h; path = game.h; sourceTree = "<group>"; tabWidth = 2; };
		B68D49521F7452A200BC6FF6 /* player.h */ = {isa = PBXFileReference; indentWidth = 2; lastKnownFileType = sourcecode.c.h; path = player.h; sourceTree = "<group>"; tabWidth = 2; };
		B68D49531F7452A200BC6FF6 /* strategy.h */ = {isa = PBXFileReference; indentWidth = 2; lastKnownFileType = sourcecode.c.h; path = strategy.h; sourceTree = "<group>"; tabWidth = 2; };
		B68D49541F7452A200BC6FF6 /* player.cc */ = {isa = PBXFileReference; indentWidth = 2; lastKnownFileType = sourcecode.cpp.cpp; path = player.cc; sourceTree = "<group>"; tabWidth = 2; };
		B68D49551F7452A300BC6FF6 /* strategy.cc */ = {isa = PBXFileReference; indentWidth = 2; lastKnownFileType = sourcecode.cpp.cpp; path = strategy.cc; sourceTree = "<group>"; tabWidth = 2; };
		B694F2FA1F8FEB51001B3E66 /* tests */ = {isa = PBXFileReference; explicitFileType = "compiled.mach-o.executable"; includeInIndex = 0; path = tests; sourceTree = BUILT_PRODUCTS_DIR; };
		B694F2FC1F8FEB51001B3E66 /* main.cpp */ = {isa = PBXFileReference; lastKnownFileType = sourcecode.cpp.cpp; path = main.cpp; sourceTree = "<group>"; };
		B694F3021F8FEBA8001B3E66 /* gtest.framework */ = {isa = PBXFileReference; lastKnownFileType = wrapper.framework; name = gtest.framework; path = lib/gtest.framework; sourceTree = "<group>"; };
		B694F3071F8FEC6F001B3E66 /* game_test.cpp */ = {isa = PBXFileReference; lastKnownFileType = sourcecode.cpp.cpp; path = game_test.cpp; sourceTree = "<group>"; };
		B694F30D1F900C2E001B3E66 /* player_test.cpp */ = {isa = PBXFileReference; lastKnownFileType = sourcecode.cpp.cpp; path = player_test.cpp; sourceTree = "<group>"; };
/* End PBXFileReference section */

/* Begin PBXFrameworksBuildPhase section */
		B62F9F621F623BC400E4BF66 /* Frameworks */ = {
			isa = PBXFrameworksBuildPhase;
			buildActionMask = 2147483647;
			files = (
			);
			runOnlyForDeploymentPostprocessing = 0;
		};
		B694F2F71F8FEB51001B3E66 /* Frameworks */ = {
			isa = PBXFrameworksBuildPhase;
			buildActionMask = 2147483647;
			files = (
			);
			runOnlyForDeploymentPostprocessing = 0;
		};
/* End PBXFrameworksBuildPhase section */

/* Begin PBXGroup section */
		B62F9F5C1F623BC400E4BF66 = {
			isa = PBXGroup;
			children = (
				B62F9F671F623BC400E4BF66 /* prisonersDilemma */,
				B694F2FB1F8FEB51001B3E66 /* tests */,
				B62F9F661F623BC400E4BF66 /* Products */,
				B694F3011F8FEBA8001B3E66 /* Frameworks */,
			);
			sourceTree = "<group>";
		};
		B62F9F661F623BC400E4BF66 /* Products */ = {
			isa = PBXGroup;
			children = (
				B62F9F651F623BC400E4BF66 /* prisonersDilemma */,
				B694F2FA1F8FEB51001B3E66 /* tests */,
			);
			name = Products;
			sourceTree = "<group>";
		};
		B62F9F671F623BC400E4BF66 /* prisonersDilemma */ = {
			isa = PBXGroup;
			children = (
				B68D494F1F74524000BC6FF6 /* game.cc */,
				B68D49501F74524000BC6FF6 /* game.h */,
				B62F9F681F623BC400E4BF66 /* main.cpp */,
				B68D49541F7452A200BC6FF6 /* player.cc */,
				B68D49521F7452A200BC6FF6 /* player.h */,
				B68D49551F7452A300BC6FF6 /* strategy.cc */,
				B68D49531F7452A200BC6FF6 /* strategy.h */,
			);
			path = prisonersDilemma;
			sourceTree = "<group>";
		};
		B694F2FB1F8FEB51001B3E66 /* tests */ = {
			isa = PBXGroup;
			children = (
				B694F2FC1F8FEB51001B3E66 /* main.cpp */,
				B694F3071F8FEC6F001B3E66 /* game_test.cpp */,
				B694F30D1F900C2E001B3E66 /* player_test.cpp */,
			);
			path = tests;
			sourceTree = "<group>";
		};
		B694F3011F8FEBA8001B3E66 /* Frameworks */ = {
			isa = PBXGroup;
			children = (
				B694F3021F8FEBA8001B3E66 /* gtest.framework */,
			);
			name = Frameworks;
			sourceTree = "<group>";
		};
/* End PBXGroup section */

/* Begin PBXNativeTarget section */
		B62F9F641F623BC400E4BF66 /* prisonersDilemma */ = {
			isa = PBXNativeTarget;
			buildConfigurationList = B62F9F6C1F623BC400E4BF66 /* Build configuration list for PBXNativeTarget "prisonersDilemma" */;
			buildPhases = (
				B62F9F611F623BC400E4BF66 /* Sources */,
				B62F9F621F623BC400E4BF66 /* Frameworks */,
				B62F9F631F623BC400E4BF66 /* CopyFiles */,
			);
			buildRules = (
			);
			dependencies = (
			);
			name = prisonersDilemma;
			productName = prisonersDilemma;
			productReference = B62F9F651F623BC400E4BF66 /* prisonersDilemma */;
			productType = "com.apple.product-type.tool";
		};
		B694F2F91F8FEB51001B3E66 /* tests */ = {
			isa = PBXNativeTarget;
			buildConfigurationList = B694F3001F8FEB51001B3E66 /* Build configuration list for PBXNativeTarget "tests" */;
			buildPhases = (
				B694F2F61F8FEB51001B3E66 /* Sources */,
				B694F2F71F8FEB51001B3E66 /* Frameworks */,
				B694F2F81F8FEB51001B3E66 /* CopyFiles */,
			);
			buildRules = (
			);
			dependencies = (
			);
			name = tests;
			productName = tests;
			productReference = B694F2FA1F8FEB51001B3E66 /* tests */;
			productType = "com.apple.product-type.tool";
		};
/* End PBXNativeTarget section */

/* Begin PBXProject section */
		B62F9F5D1F623BC400E4BF66 /* Project object */ = {
			isa = PBXProject;
			attributes = {
				LastUpgradeCheck = 0830;
				ORGANIZATIONNAME = bitslice;
				TargetAttributes = {
					B62F9F641F623BC400E4BF66 = {
						CreatedOnToolsVersion = 8.3.3;
						ProvisioningStyle = Automatic;
					};
					B694F2F91F8FEB51001B3E66 = {
						CreatedOnToolsVersion = 9.0;
						ProvisioningStyle = Automatic;
					};
				};
			};
			buildConfigurationList = B62F9F601F623BC400E4BF66 /* Build configuration list for PBXProject "prisonersDilemma" */;
			compatibilityVersion = "Xcode 3.2";
			developmentRegion = English;
			hasScannedForEncodings = 0;
			knownRegions = (
				en,
			);
			mainGroup = B62F9F5C1F623BC400E4BF66;
			productRefGroup = B62F9F661F623BC400E4BF66 /* Products */;
			projectDirPath = "";
			projectRoot = "";
			targets = (
				B62F9F641F623BC400E4BF66 /* prisonersDilemma */,
				B694F2F91F8FEB51001B3E66 /* tests */,
			);
		};
/* End PBXProject section */

/* Begin PBXSourcesBuildPhase section */
		B62F9F611F623BC400E4BF66 /* Sources */ = {
			isa = PBXSourcesBuildPhase;
			buildActionMask = 2147483647;
			files = (
				B68D49511F74524100BC6FF6 /* game.cc in Sources */,
				B68D49561F7452A300BC6FF6 /* player.cc in Sources */,
				B62F9F691F623BC400E4BF66 /* main.cpp in Sources */,
				B68D49571F7452A300BC6FF6 /* strategy.cc in Sources */,
			);
			runOnlyForDeploymentPostprocessing = 0;
		};
		B694F2F61F8FEB51001B3E66 /* Sources */ = {
			isa = PBXSourcesBuildPhase;
			buildActionMask = 2147483647;
			files = (
				B694F2FD1F8FEB51001B3E66 /* main.cpp in Sources */,
				B694F3081F8FEC6F001B3E66 /* game_test.cpp in Sources */,
				B694F30E1F900C2E001B3E66 /* player_test.cpp in Sources */,
				B694F3041F8FEBB2001B3E66 /* game.cc in Sources */,
				B694F3051F8FEBBC001B3E66 /* player.cc in Sources */,
				B694F3061F8FEBC1001B3E66 /* strategy.cc in Sources */,
			);
			runOnlyForDeploymentPostprocessing = 0;
		};
/* End PBXSourcesBuildPhase section */

/* Begin XCBuildConfiguration section */
		B62F9F6A1F623BC400E4BF66 /* Debug */ = {
			isa = XCBuildConfiguration;
			buildSettings = {
				ALWAYS_SEARCH_USER_PATHS = NO;
				CLANG_ANALYZER_NONNULL = YES;
				CLANG_ANALYZER_NUMBER_OBJECT_CONVERSION = YES_AGGRESSIVE;
				CLANG_CXX_LANGUAGE_STANDARD = "gnu++0x";
				CLANG_CXX_LIBRARY = "libc++";
				CLANG_ENABLE_MODULES = YES;
				CLANG_ENABLE_OBJC_ARC = YES;
				CLANG_WARN_BOOL_CONVERSION = YES;
				CLANG_WARN_CONSTANT_CONVERSION = YES;
				CLANG_WARN_DIRECT_OBJC_ISA_USAGE = YES_ERROR;
				CLANG_WARN_DOCUMENTATION_COMMENTS = YES;
				CLANG_WARN_EMPTY_BODY = YES;
				CLANG_WARN_ENUM_CONVERSION = YES;
				CLANG_WARN_INFINITE_RECURSION = YES;
				CLANG_WARN_INT_CONVERSION = YES;
				CLANG_WARN_OBJC_ROOT_CLASS = YES_ERROR;
				CLANG_WARN_SUSPICIOUS_MOVE = YES;
				CLANG_WARN_UNREACHABLE_CODE = YES;
				CLANG_WARN__DUPLICATE_METHOD_MATCH = YES;
				CODE_SIGN_IDENTITY = "-";
				COPY_PHASE_STRIP = NO;
				DEBUG_INFORMATION_FORMAT = dwarf;
				ENABLE_STRICT_OBJC_MSGSEND = YES;
				ENABLE_TESTABILITY = YES;
				GCC_C_LANGUAGE_STANDARD = gnu99;
				GCC_DYNAMIC_NO_PIC = NO;
				GCC_NO_COMMON_BLOCKS = YES;
				GCC_OPTIMIZATION_LEVEL = 0;
				GCC_PREPROCESSOR_DEFINITIONS = (
					"DEBUG=1",
					"$(inherited)",
				);
				GCC_WARN_64_TO_32_BIT_CONVERSION = YES;
				GCC_WARN_ABOUT_RETURN_TYPE = YES_ERROR;
				GCC_WARN_UNDECLARED_SELECTOR = YES;
				GCC_WARN_UNINITIALIZED_AUTOS = YES_AGGRESSIVE;
				GCC_WARN_UNUSED_FUNCTION = YES;
				GCC_WARN_UNUSED_VARIABLE = YES;
				MACOSX_DEPLOYMENT_TARGET = 10.12;
				MTL_ENABLE_DEBUG_INFO = YES;
				ONLY_ACTIVE_ARCH = YES;
				SDKROOT = macosx;
			};
			name = Debug;
		};
		B62F9F6B1F623BC400E4BF66 /* Release */ = {
			isa = XCBuildConfiguration;
			buildSettings = {
				ALWAYS_SEARCH_USER_PATHS = NO;
				CLANG_ANALYZER_NONNULL = YES;
				CLANG_ANALYZER_NUMBER_OBJECT_CONVERSION = YES_AGGRESSIVE;
				CLANG_CXX_LANGUAGE_STANDARD = "gnu++0x";
				CLANG_CXX_LIBRARY = "libc++";
				CLANG_ENABLE_MODULES = YES;
				CLANG_ENABLE_OBJC_ARC = YES;
				CLANG_WARN_BOOL_CONVERSION = YES;
				CLANG_WARN_CONSTANT_CONVERSION = YES;
				CLANG_WARN_DIRECT_OBJC_ISA_USAGE = YES_ERROR;
				CLANG_WARN_DOCUMENTATION_COMMENTS = YES;
				CLANG_WARN_EMPTY_BODY = YES;
				CLANG_WARN_ENUM_CONVERSION = YES;
				CLANG_WARN_INFINITE_RECURSION = YES;
				CLANG_WARN_INT_CONVERSION = YES;
				CLANG_WARN_OBJC_ROOT_CLASS = YES_ERROR;
				CLANG_WARN_SUSPICIOUS_MOVE = YES;
				CLANG_WARN_UNREACHABLE_CODE = YES;
				CLANG_WARN__DUPLICATE_METHOD_MATCH = YES;
				CODE_SIGN_IDENTITY = "-";
				COPY_PHASE_STRIP = NO;
				DEBUG_INFORMATION_FORMAT = "dwarf-with-dsym";
				ENABLE_NS_ASSERTIONS = NO;
				ENABLE_STRICT_OBJC_MSGSEND = YES;
				GCC_C_LANGUAGE_STANDARD = gnu99;
				GCC_NO_COMMON_BLOCKS = YES;
				GCC_WARN_64_TO_32_BIT_CONVERSION = YES;
				GCC_WARN_ABOUT_RETURN_TYPE = YES_ERROR;
				GCC_WARN_UNDECLARED_SELECTOR = YES;
				GCC_WARN_UNINITIALIZED_AUTOS = YES_AGGRESSIVE;
				GCC_WARN_UNUSED_FUNCTION = YES;
				GCC_WARN_UNUSED_VARIABLE = YES;
				MACOSX_DEPLOYMENT_TARGET = 10.12;
				MTL_ENABLE_DEBUG_INFO = NO;
				SDKROOT = macosx;
			};
			name = Release;
		};
		B62F9F6D1F623BC400E4BF66 /* Debug */ = {
			isa = XCBuildConfiguration;
			buildSettings = {
				PRODUCT_NAME = "$(TARGET_NAME)";
			};
			name = Debug;
		};
		B62F9F6E1F623BC400E4BF66 /* Release */ = {
			isa = XCBuildConfiguration;
			buildSettings = {
				PRODUCT_NAME = "$(TARGET_NAME)";
			};
			name = Release;
		};
		B694F2FE1F8FEB51001B3E66 /* Debug */ = {
			isa = XCBuildConfiguration;
			buildSettings = {
				CLANG_CXX_LANGUAGE_STANDARD = "gnu++14";
				CLANG_WARN_BLOCK_CAPTURE_AUTORELEASING = YES;
				CLANG_WARN_COMMA = YES;
				CLANG_WARN_NON_LITERAL_NULL_CONVERSION = YES;
				CLANG_WARN_OBJC_LITERAL_CONVERSION = YES;
				CLANG_WARN_RANGE_LOOP_ANALYSIS = YES;
				CLANG_WARN_STRICT_PROTOTYPES = YES;
				CLANG_WARN_UNGUARDED_AVAILABILITY = YES_AGGRESSIVE;
				CODE_SIGN_STYLE = Automatic;
				FRAMEWORK_SEARCH_PATHS = (
					"$(inherited)",
					"$(PROJECT_DIR)/lib",
				);
				GCC_C_LANGUAGE_STANDARD = gnu11;
				MACOSX_DEPLOYMENT_TARGET = 10.13;
				PRODUCT_NAME = "$(TARGET_NAME)";
			};
			name = Debug;
		};
		B694F2FF1F8FEB51001B3E66 /* Release */ = {
			isa = XCBuildConfiguration;
			buildSettings = {
				CLANG_CXX_LANGUAGE_STANDARD = "gnu++14";
				CLANG_WARN_BLOCK_CAPTURE_AUTORELEASING = YES;
				CLANG_WARN_COMMA = YES;
				CLANG_WARN_NON_LITERAL_NULL_CONVERSION = YES;
				CLANG_WARN_OBJC_LITERAL_CONVERSION = YES;
				CLANG_WARN_RANGE_LOOP_ANALYSIS = YES;
				CLANG_WARN_STRICT_PROTOTYPES = YES;
				CLANG_WARN_UNGUARDED_AVAILABILITY = YES_AGGRESSIVE;
				CODE_SIGN_STYLE = Automatic;
				FRAMEWORK_SEARCH_PATHS = (
					"$(inherited)",
					"$(PROJECT_DIR)/lib",
				);
				GCC_C_LANGUAGE_STANDARD = gnu11;
				MACOSX_DEPLOYMENT_TARGET = 10.13;
				PRODUCT_NAME = "$(TARGET_NAME)";
			};
			name = Release;
		};
/* End XCBuildConfiguration section */

/* Begin XCConfigurationList section */
		B62F9F601F623BC400E4BF66 /* Build configuration list for PBXProject "prisonersDilemma" */ = {
			isa = XCConfigurationList;
			buildConfigurations = (
				B62F9F6A1F623BC400E4BF66 /* Debug */,
				B62F9F6B1F623BC400E4BF66 /* Release */,
			);
			defaultConfigurationIsVisible = 0;
			defaultConfigurationName = Release;
		};
		B62F9F6C1F623BC400E4BF66 /* Build configuration list for PBXNativeTarget "prisonersDilemma" */ = {
			isa = XCConfigurationList;
			buildConfigurations = (
				B62F9F6D1F623BC400E4BF66 /* Debug */,
				B62F9F6E1F623BC400E4BF66 /* Release */,
			);
			defaultConfigurationIsVisible = 0;
			defaultConfigurationName = Release;
		};
		B694F3001F8FEB51001B3E66 /* Build configuration list for PBXNativeTarget "tests" */ = {
			isa = XCConfigurationList;
			buildConfigurations = (
				B694F2FE1F8FEB51001B3E66 /* Debug */,
				B694F2FF1F8FEB51001B3E66 /* Release */,
			);
			defaultConfigurationIsVisible = 0;
			defaultConfigurationName = Release;
		};
/* End XCConfigurationList section */
	};
	rootObject = B62F9F5D1F623BC400E4BF66 /* Project object */;
}
